{
  "name": "react-dynamic-router-loader",
  "version": "1.0.5",
  "lockfileVersion": 1,
  "requires": true,
  "dependencies": {
    "inherits": {
      "version": "2.0.1",
      "resolved": "http://registry.npm.taobao.org/inherits/download/inherits-2.0.1.tgz",
      "integrity": "sha1-sX0I0ya0Qj5Wjv9xn5GwscvfafE=",
      "dev": true
    },
    "path": {
      "version": "0.12.7",
      "resolved": "http://registry.npm.taobao.org/path/download/path-0.12.7.tgz",
      "integrity": "sha1-1NwqUGxM4hl+tIHr/NWzbAFAsQ8=",
      "dev": true,
      "requires": {
        "process": "0.11.10",
        "util": "0.10.3"
      }
    },
    "process": {
      "version": "0.11.10",
      "resolved": "http://registry.npm.taobao.org/process/download/process-0.11.10.tgz",
      "integrity": "sha1-czIwDoQBYb2j5podHZGn1LwW8YI=",
      "dev": true
    },
    "util": {
      "version": "0.10.3",
      "resolved": "http://registry.npm.taobao.org/util/download/util-0.10.3.tgz",
      "integrity": "sha1-evsa/lCAUkZInj23/g7TeTNqwPk=",
      "dev": true,
      "requires": {
        "inherits": "2.0.1"
      }
    }
  }
}
